
Microsoft Visual Studio Solution File, Format Version 12.00
# Visual Studio Version 17
VisualStudioVersion = 17.2.32602.215
MinimumVisualStudioVersion = 10.0.40219.1
Project("{8BC9CEB8-8B4A-11D0-8D11-00A0C91BC942}") = "Diseño_de_patrones", "Diseño_de_patrones\Diseño_de_patrones.vcxproj", "{357930B1-307F-40C0-B057-016F617F6E87}"
EndProject
Global
	GlobalSection(SolutionConfigurationPlatforms) = preSolution
		Debug|x64 = Debug|x64
		Debug|x86 = Debug|x86
		Release|x64 = Release|x64
		Release|x86 = Release|x86
	EndGlobalSection
	GlobalSection(ProjectConfigurationPlatforms) = postSolution
		{357930B1-307F-40C0-B057-016F617F6E87}.Debug|x64.ActiveCfg = Debug|x64
		{357930B1-307F-40C0-B057-016F617F6E87}.Debug|x64.Build.0 = Debug|x64
		{357930B1-307F-40C0-B057-016F617F6E87}.Debug|x86.ActiveCfg = Debug|Win32
		{357930B1-307F-40C0-B057-016F617F6E87}.Debug|x86.Build.0 = Debug|Win32
		{357930B1-307F-40C0-B057-016F617F6E87}.Release|x64.ActiveCfg = Release|x64
		{357930B1-307F-40C0-B057-016F617F6E87}.Release|x64.Build.0 = Release|x64
		{357930B1-307F-40C0-B057-016F617F6E87}.Release|x86.ActiveCfg = Release|Win32
		{357930B1-307F-40C0-B057-016F617F6E87}.Release|x86.Build.0 = Release|Win32
	EndGlobalSection
	GlobalSection(SolutionProperties) = preSolution
		HideSolutionNode = FALSE
	EndGlobalSection
	GlobalSection(ExtensibilityGlobals) = postSolution
		SolutionGuid = {DCC04288-8AE9-40AB-8B61-73A9A246BDC8}
	EndGlobalSection
EndGlobal
